
Microsoft Visual Studio Solution File, Format Version 12.00
# Visual Studio Version 17
VisualStudioVersion = 17.6.33723.286
MinimumVisualStudioVersion = 10.0.40219.1
Project("{FAE04EC0-301F-11D3-BF4B-00C04F79EFBC}") = "PortfolioBackend", "PortfolioBackend\PortfolioBackend.csproj", "{48E0C76D-648E-4ACA-A03D-C09244FCF537}"
EndProject
Global
	GlobalSection(SolutionConfigurationPlatforms) = preSolution
		Debug|Any CPU = Debug|Any CPU
		Release|Any CPU = Release|Any CPU
	EndGlobalSection
	GlobalSection(ProjectConfigurationPlatforms) = postSolution
		{48E0C76D-648E-4ACA-A03D-C09244FCF537}.Debug|Any CPU.ActiveCfg = Debug|Any CPU
		{48E0C76D-648E-4ACA-A03D-C09244FCF537}.Debug|Any CPU.Build.0 = Debug|Any CPU
		{48E0C76D-648E-4ACA-A03D-C09244FCF537}.Release|Any CPU.ActiveCfg = Release|Any CPU
		{48E0C76D-648E-4ACA-A03D-C09244FCF537}.Release|Any CPU.Build.0 = Release|Any CPU
	EndGlobalSection
	GlobalSection(SolutionProperties) = preSolution
		HideSolutionNode = FALSE
	EndGlobalSection
	GlobalSection(ExtensibilityGlobals) = postSolution
		SolutionGuid = {3D1F1BFB-0A2A-4AED-91F2-984CEDBB66BD}
	EndGlobalSection
EndGlobal
